
Microsoft Visual Studio Solution File, Format Version 12.00
# Visual Studio 2012
Project("{FAE04EC0-301F-11D3-BF4B-00C04F79EFBC}") = "EGamp", "EGamp\EGamp.csproj", "{AD11D271-5619-4F3B-863E-AAE07101F26C}"
EndProject
Global
	GlobalSection(SolutionConfigurationPlatforms) = preSolution
		Debug|Any CPU = Debug|Any CPU
		Release|Any CPU = Release|Any CPU
	EndGlobalSection
	GlobalSection(ProjectConfigurationPlatforms) = postSolution
		{AD11D271-5619-4F3B-863E-AAE07101F26C}.Debug|Any CPU.ActiveCfg = Debug|Any CPU
		{AD11D271-5619-4F3B-863E-AAE07101F26C}.Debug|Any CPU.Build.0 = Debug|Any CPU
		{AD11D271-5619-4F3B-863E-AAE07101F26C}.Release|Any CPU.ActiveCfg = Release|Any CPU
		{AD11D271-5619-4F3B-863E-AAE07101F26C}.Release|Any CPU.Build.0 = Release|Any CPU
	EndGlobalSection
	GlobalSection(SolutionProperties) = preSolution
		HideSolutionNode = FALSE
	EndGlobalSection
EndGlobal
